
Microsoft Visual Studio Solution File, Format Version 12.00
# Visual Studio Version 17
VisualStudioVersion = 17.2.32602.215
MinimumVisualStudioVersion = 10.0.40219.1
Project("{9A19103F-16F7-4668-BE54-9A1E7A4F7556}") = "Amazon_SDE_OA", "Amazon_SDE_OA\Amazon_SDE_OA.csproj", "{3D6C76CB-AA88-4C05-92A4-219CD6F98052}"
EndProject
Project("{FAE04EC0-301F-11D3-BF4B-00C04F79EFBC}") = "Amazon_SDE_Phone_Interview", "Amazon_SDE_Phone_Interview\Amazon_SDE_Phone_Interview.csproj", "{831EC548-C026-42F7-BE6D-A000902D9AFB}"
EndProject
Global
	GlobalSection(SolutionConfigurationPlatforms) = preSolution
		Debug|Any CPU = Debug|Any CPU
		Release|Any CPU = Release|Any CPU
	EndGlobalSection
	GlobalSection(ProjectConfigurationPlatforms) = postSolution
		{3D6C76CB-AA88-4C05-92A4-219CD6F98052}.Debug|Any CPU.ActiveCfg = Debug|Any CPU
		{3D6C76CB-AA88-4C05-92A4-219CD6F98052}.Debug|Any CPU.Build.0 = Debug|Any CPU
		{3D6C76CB-AA88-4C05-92A4-219CD6F98052}.Release|Any CPU.ActiveCfg = Release|Any CPU
		{3D6C76CB-AA88-4C05-92A4-219CD6F98052}.Release|Any CPU.Build.0 = Release|Any CPU
		{831EC548-C026-42F7-BE6D-A000902D9AFB}.Debug|Any CPU.ActiveCfg = Debug|Any CPU
		{831EC548-C026-42F7-BE6D-A000902D9AFB}.Debug|Any CPU.Build.0 = Debug|Any CPU
		{831EC548-C026-42F7-BE6D-A000902D9AFB}.Release|Any CPU.ActiveCfg = Release|Any CPU
		{831EC548-C026-42F7-BE6D-A000902D9AFB}.Release|Any CPU.Build.0 = Release|Any CPU
	EndGlobalSection
	GlobalSection(SolutionProperties) = preSolution
		HideSolutionNode = FALSE
	EndGlobalSection
	GlobalSection(ExtensibilityGlobals) = postSolution
		SolutionGuid = {CA6A9682-07E0-44B8-8FE6-9C9F8669021D}
	EndGlobalSection
EndGlobal
